
Microsoft Visual Studio Solution File, Format Version 12.00
# Visual Studio Version 16
VisualStudioVersion = 16.0.28803.156
MinimumVisualStudioVersion = 10.0.40219.1
Project("{FAE04EC0-301F-11D3-BF4B-00C04F79EFBC}") = "UpdateCosmosDbOffer", "UpdateCosmosDbOffer\UpdateCosmosDbOffer.csproj", "{E880C04E-1351-4035-87F3-97D5262AF6C9}"
EndProject
Global
	GlobalSection(SolutionConfigurationPlatforms) = preSolution
		Debug|Any CPU = Debug|Any CPU
		Release|Any CPU = Release|Any CPU
	EndGlobalSection
	GlobalSection(ProjectConfigurationPlatforms) = postSolution
		{E880C04E-1351-4035-87F3-97D5262AF6C9}.Debug|Any CPU.ActiveCfg = Debug|Any CPU
		{E880C04E-1351-4035-87F3-97D5262AF6C9}.Debug|Any CPU.Build.0 = Debug|Any CPU
		{E880C04E-1351-4035-87F3-97D5262AF6C9}.Release|Any CPU.ActiveCfg = Release|Any CPU
		{E880C04E-1351-4035-87F3-97D5262AF6C9}.Release|Any CPU.Build.0 = Release|Any CPU
	EndGlobalSection
	GlobalSection(SolutionProperties) = preSolution
		HideSolutionNode = FALSE
	EndGlobalSection
	GlobalSection(ExtensibilityGlobals) = postSolution
		SolutionGuid = {667195FD-0B18-4F75-9B0C-5813209B0853}
	EndGlobalSection
EndGlobal
